hash: f1ec5d55f02ddbca39cca6aefa95a06e3b62da206cf2d90d4b6ce9ca1ba259fe
updated: 2018-02-22T14:41:06.051557-05:00
imports:
- name: github.com/cespare/xxhash
  version: 48099fad606eafc26e3a569fad19ff510fff4df6
- name: github.com/go-sql-driver/mysql
  version: a0583e0143b1624142adab07e0e97fe106d99561
- name: github.com/golang/protobuf
  version: bbd03ef6da3a115852eaf24c8a1c46aeb39aa175
  subpackages:
  - proto
  - protoc-gen-go/descriptor
  - protoc-gen-go/plugin
  - ptypes
  - ptypes/any
  - ptypes/duration
  - ptypes/timestamp
- name: github.com/jhaynie/go-gator
  version: 9830d03806af0e6ead7c414d6ba8ab5fdc9df52e
  subpackages:
  - orm
- name: github.com/jhaynie/graphql
  version: 1fc7c7cacaacc936f387ee92c2350f7d8644b15b
- name: github.com/serenize/snaker
  version: a683aaf2d516deecd70cad0c72e3ca773ecfcef0
- name: golang.org/x/tools
  version: f8f2f88271bf2c23f28a09d288d26507a9503c97
  subpackages:
  - cmd/goimports
testImports: []
