# This file is autogenerated, do not edit; changes may be undone by the next 'dep ensure'.


[[projects]]
  digest = "1:67b2a3a0c25ab8362819f93ff16f2f2f5c00abaf26f584641ce2482e676f28be"
  name = "github.com/cespare/xxhash"
  packages = ["."]
  pruneopts = "UT"
  revision = "48099fad606eafc26e3a569fad19ff510fff4df6"

[[projects]]
  digest = "1:850c49ca338a10fec2cb9e78f793043ed23965489d09e30bcc19fe29719da313"
  name = "github.com/go-sql-driver/mysql"
  packages = ["."]
  pruneopts = "UT"
  revision = "a0583e0143b1624142adab07e0e97fe106d99561"
  version = "v1.3.0"

[[projects]]
  digest = "1:fc5af0ce30d523e01d57e3cf514ea481373cccb512d5224511864505bd397187"
  name = "github.com/golang/protobuf"
  packages = [
    "proto",
    "protoc-gen-go/descriptor",
    "protoc-gen-go/plugin",
    "ptypes",
    "ptypes/any",
    "ptypes/duration",
    "ptypes/timestamp",
  ]
  pruneopts = "UT"
  revision = "aa810b61a9c79d51363740d207bb46cf8e620ed5"
  version = "v1.2.0"

[[projects]]
  digest = "1:ea954891f8064ba55e8aabcfdece070d12d3ffdab1eeda42e4e037d5f2eeb54b"
  name = "github.com/jhaynie/go-gator"
  packages = ["orm"]
  pruneopts = "UT"
  revision = "9830d03806af0e6ead7c414d6ba8ab5fdc9df52e"
  version = "2.0.0"

[[projects]]
  branch = "master"
  digest = "1:efa124a0ca36a35cc1a1b472cb0fa2be1e7d9fd1db0f8bc9a042e42e4c6405aa"
  name = "github.com/serenize/snaker"
  packages = ["."]
  pruneopts = "UT"
  revision = "a683aaf2d516deecd70cad0c72e3ca773ecfcef0"

[solve-meta]
  analyzer-name = "dep"
  analyzer-version = 1
  input-imports = [
    "github.com/golang/protobuf/proto",
    "github.com/golang/protobuf/protoc-gen-go/descriptor",
    "github.com/golang/protobuf/protoc-gen-go/plugin",
    "github.com/jhaynie/go-gator/orm",
    "github.com/serenize/snaker",
  ]
  solver-name = "gps-cdcl"
  solver-version = 1
